
Microsoft Visual Studio Solution File, Format Version 12.00
# Visual Studio Version 17
VisualStudioVersion = 17.5.002.0
MinimumVisualStudioVersion = 10.0.40219.1
Project("{9A19103F-16F7-4668-BE54-9A1E7A4F7556}") = "BlazorWebApp", "BlazorWebApp.csproj", "{DAE22912-C1F2-4057-91FA-5F1727B5CB54}"
EndProject
Global
	GlobalSection(SolutionConfigurationPlatforms) = preSolution
		Debug|Any CPU = Debug|Any CPU
		Release|Any CPU = Release|Any CPU
	EndGlobalSection
	GlobalSection(ProjectConfigurationPlatforms) = postSolution
		{DAE22912-C1F2-4057-91FA-5F1727B5CB54}.Debug|Any CPU.ActiveCfg = Debug|Any CPU
		{DAE22912-C1F2-4057-91FA-5F1727B5CB54}.Debug|Any CPU.Build.0 = Debug|Any CPU
		{DAE22912-C1F2-4057-91FA-5F1727B5CB54}.Release|Any CPU.ActiveCfg = Release|Any CPU
		{DAE22912-C1F2-4057-91FA-5F1727B5CB54}.Release|Any CPU.Build.0 = Release|Any CPU
	EndGlobalSection
	GlobalSection(SolutionProperties) = preSolution
		HideSolutionNode = FALSE
	EndGlobalSection
	GlobalSection(ExtensibilityGlobals) = postSolution
		SolutionGuid = {9BE29ED5-96DF-412A-A511-7A8B0653E266}
	EndGlobalSection
EndGlobal
